
Microsoft Visual Studio Solution File, Format Version 12.00
# Visual Studio Version 17
VisualStudioVersion = 17.3.32825.248
MinimumVisualStudioVersion = 10.0.40219.1
Project("{FAE04EC0-301F-11D3-BF4B-00C04F79EFBC}") = "AssignmentPart2People", "AssignmentPart2People\AssignmentPart2People.csproj", "{DFC77B18-B5C3-4EDE-8EB4-7EAFB56006C1}"
EndProject
Global
	GlobalSection(SolutionConfigurationPlatforms) = preSolution
		Debug|Any CPU = Debug|Any CPU
		Release|Any CPU = Release|Any CPU
	EndGlobalSection
	GlobalSection(ProjectConfigurationPlatforms) = postSolution
		{DFC77B18-B5C3-4EDE-8EB4-7EAFB56006C1}.Debug|Any CPU.ActiveCfg = Debug|Any CPU
		{DFC77B18-B5C3-4EDE-8EB4-7EAFB56006C1}.Debug|Any CPU.Build.0 = Debug|Any CPU
		{DFC77B18-B5C3-4EDE-8EB4-7EAFB56006C1}.Release|Any CPU.ActiveCfg = Release|Any CPU
		{DFC77B18-B5C3-4EDE-8EB4-7EAFB56006C1}.Release|Any CPU.Build.0 = Release|Any CPU
	EndGlobalSection
	GlobalSection(SolutionProperties) = preSolution
		HideSolutionNode = FALSE
	EndGlobalSection
	GlobalSection(ExtensibilityGlobals) = postSolution
		SolutionGuid = {2CB78C04-B34F-45AC-BCDF-0CF24796AF53}
	EndGlobalSection
EndGlobal
